
Microsoft Visual Studio Solution File, Format Version 12.00
# Visual Studio Version 17
VisualStudioVersion = 17.4.33213.308
MinimumVisualStudioVersion = 10.0.40219.1
Project("{FAE04EC0-301F-11D3-BF4B-00C04F79EFBC}") = "linq (массив интов и запросы)", "linq (массив интов и запросы)\linq (массив интов и запросы).csproj", "{1141C2BA-E62A-4A0F-A7CA-3A4DB142EFE7}"
EndProject
Global
	GlobalSection(SolutionConfigurationPlatforms) = preSolution
		Debug|Any CPU = Debug|Any CPU
		Release|Any CPU = Release|Any CPU
	EndGlobalSection
	GlobalSection(ProjectConfigurationPlatforms) = postSolution
		{1141C2BA-E62A-4A0F-A7CA-3A4DB142EFE7}.Debug|Any CPU.ActiveCfg = Debug|Any CPU
		{1141C2BA-E62A-4A0F-A7CA-3A4DB142EFE7}.Debug|Any CPU.Build.0 = Debug|Any CPU
		{1141C2BA-E62A-4A0F-A7CA-3A4DB142EFE7}.Release|Any CPU.ActiveCfg = Release|Any CPU
		{1141C2BA-E62A-4A0F-A7CA-3A4DB142EFE7}.Release|Any CPU.Build.0 = Release|Any CPU
	EndGlobalSection
	GlobalSection(SolutionProperties) = preSolution
		HideSolutionNode = FALSE
	EndGlobalSection
	GlobalSection(ExtensibilityGlobals) = postSolution
		SolutionGuid = {F28BD516-E7AF-4849-8A3E-EF78790530F8}
	EndGlobalSection
EndGlobal
